// !$*UTF8*$!
{
	archiveVersion = 1;
	classes = {
	};
	objectVersion = 51;
	objects = {

/* Begin PBXBuildFile section */
		B90729E0248572960030F76E /* Projectdatabase.swift in Sources */ = {isa = PBXBuildFile; fileRef = B90729DF248572960030F76E /* Projectdatabase.swift */; };
		B912FEE5246FD6EB00A0B674 /* Model.xcdatamodeld in Sources */ = {isa = PBXBuildFile; fileRef = B912FEE3246FD6EB00A0B674 /* Model.xcdatamodeld */; };
		B912FEEC246FD82D00A0B674 /* CoreData.framework in Frameworks */ = {isa = PBXBuildFile; fileRef = B912FEEB246FD82D00A0B674 /* CoreData.framework */; };
		B912FEF4246FF1F000A0B674 /* DetailViewController.swift in Sources */ = {isa = PBXBuildFile; fileRef = B912FEF3246FF1F000A0B674 /* DetailViewController.swift */; };
		B912FEF6246FF53A00A0B674 /* TableViewCell.swift in Sources */ = {isa = PBXBuildFile; fileRef = B912FEF5246FF53A00A0B674 /* TableViewCell.swift */; };
		B912FEF82470249A00A0B674 /* SelectDataViewController.swift in Sources */ = {isa = PBXBuildFile; fileRef = B912FEF72470249A00A0B674 /* SelectDataViewController.swift */; };
		B912FEFA247780D300A0B674 /* iOS in Resources */ = {isa = PBXBuildFile; fileRef = B912FEF9247780D300A0B674 /* iOS */; };
		B912FF02247A390500A0B674 /* mainINGTableViewCell.swift in Sources */ = {isa = PBXBuildFile; fileRef = B912FF01247A390500A0B674 /* mainINGTableViewCell.swift */; };
		B912FF04247A3BEA00A0B674 /* mainINGViewController.swift in Sources */ = {isa = PBXBuildFile; fileRef = B912FF03247A3BEA00A0B674 /* mainINGViewController.swift */; };
		B912FF06247A3CDC00A0B674 /* mainFinishViewController.swift in Sources */ = {isa = PBXBuildFile; fileRef = B912FF05247A3CDC00A0B674 /* mainFinishViewController.swift */; };
		B912FF08247A501900A0B674 /* AddProjectViewController.swift in Sources */ = {isa = PBXBuildFile; fileRef = B912FF07247A501900A0B674 /* AddProjectViewController.swift */; };
		B92C6E3C24B0488D00C722E2 /* Detaildata+CoreDataClass.swift in Sources */ = {isa = PBXBuildFile; fileRef = B92C6E3824B0488D00C722E2 /* Detaildata+CoreDataClass.swift */; };
		B92C6E3E24B0488D00C722E2 /* Projectdata+CoreDataClass.swift in Sources */ = {isa = PBXBuildFile; fileRef = B92C6E3A24B0488D00C722E2 /* Projectdata+CoreDataClass.swift */; };
		B95129A2247A601E0001F6C5 /* SelectProjectDataTableViewCell.swift in Sources */ = {isa = PBXBuildFile; fileRef = B95129A1247A601E0001F6C5 /* SelectProjectDataTableViewCell.swift */; };
		B972CA8824D6B6570047195A /* Projectdata+CoreDataProperties.swift in Sources */ = {isa = PBXBuildFile; fileRef = B972CA8724D6B6570047195A /* Projectdata+CoreDataProperties.swift */; };
		B972CA8A24D6B6950047195A /* Detaildata+CoreDataProperties.swift in Sources */ = {isa = PBXBuildFile; fileRef = B972CA8924D6B6950047195A /* Detaildata+CoreDataProperties.swift */; };
		B9F4141D24615EF10026EF8F /* AppDelegate.swift in Sources */ = {isa = PBXBuildFile; fileRef = B9F4141C24615EF10026EF8F /* AppDelegate.swift */; };
		B9F4141F24615EF10026EF8F /* ViewController.swift in Sources */ = {isa = PBXBuildFile; fileRef = B9F4141E24615EF10026EF8F /* ViewController.swift */; };
		B9F4142224615EF10026EF8F /* Main.storyboard in Resources */ = {isa = PBXBuildFile; fileRef = B9F4142024615EF10026EF8F /* Main.storyboard */; };
		B9F4142424615EF40026EF8F /* Assets.xcassets in Resources */ = {isa = PBXBuildFile; fileRef = B9F4142324615EF40026EF8F /* Assets.xcassets */; };
		B9F4142724615EF40026EF8F /* LaunchScreen.storyboard in Resources */ = {isa = PBXBuildFile; fileRef = B9F4142524615EF40026EF8F /* LaunchScreen.storyboard */; };
		B9FD992524E303B800BDD38F /* mainFinishTableViewCell.swift in Sources */ = {isa = PBXBuildFile; fileRef = B9FD992424E303B800BDD38F /* mainFinishTableViewCell.swift */; };
/* End PBXBuildFile section */

/* Begin PBXFileReference section */
		B90729DF248572960030F76E /* Projectdatabase.swift */ = {isa = PBXFileReference; lastKnownFileType = sourcecode.swift; path = Projectdatabase.swift; sourceTree = "<group>"; };
		B912FEE4246FD6EB00A0B674 /* Model.xcdatamodel */ = {isa = PBXFileReference; lastKnownFileType = wrapper.xcdatamodel; path = Model.xcdatamodel; sourceTree = "<group>"; };
		B912FEEB246FD82D00A0B674 /* CoreData.framework */ = {isa = PBXFileReference; lastKnownFileType = wrapper.framework; name = CoreData.framework; path = System/Library/Frameworks/CoreData.framework; sourceTree = SDKROOT; };
		B912FEF3246FF1F000A0B674 /* DetailViewController.swift */ = {isa = PBXFileReference; lastKnownFileType = sourcecode.swift; path = DetailViewController.swift; sourceTree = "<group>"; };
		B912FEF5246FF53A00A0B674 /* TableViewCell.swift */ = {isa = PBXFileReference; fileEncoding = 4; lastKnownFileType = sourcecode.swift; path = TableViewCell.swift; sourceTree = "<group>"; };
		B912FEF72470249A00A0B674 /* SelectDataViewController.swift */ = {isa = PBXFileReference; lastKnownFileType = sourcecode.swift; path = SelectDataViewController.swift; sourceTree = "<group>"; };
		B912FEF9247780D300A0B674 /* iOS */ = {isa = PBXFileReference; lastKnownFileType = folder; name = iOS; path = ../../Desktop/iOS; sourceTree = "<group>"; };
		B912FF01247A390500A0B674 /* mainINGTableViewCell.swift */ = {isa = PBXFileReference; lastKnownFileType = sourcecode.swift; path = mainINGTableViewCell.swift; sourceTree = "<group>"; };
		B912FF03247A3BEA00A0B674 /* mainINGViewController.swift */ = {isa = PBXFileReference; lastKnownFileType = sourcecode.swift; path = mainINGViewController.swift; sourceTree = "<group>"; };
		B912FF05247A3CDC00A0B674 /* mainFinishViewController.swift */ = {isa = PBXFileReference; lastKnownFileType = sourcecode.swift; path = mainFinishViewController.swift; sourceTree = "<group>"; };
		B912FF07247A501900A0B674 /* AddProjectViewController.swift */ = {isa = PBXFileReference; lastKnownFileType = sourcecode.swift; path = AddProjectViewController.swift; sourceTree = "<group>"; };
		B92C6E3824B0488D00C722E2 /* Detaildata+CoreDataClass.swift */ = {isa = PBXFileReference; lastKnownFileType = sourcecode.swift; path = "Detaildata+CoreDataClass.swift"; sourceTree = SOURCE_ROOT; };
		B92C6E3A24B0488D00C722E2 /* Projectdata+CoreDataClass.swift */ = {isa = PBXFileReference; lastKnownFileType = sourcecode.swift; path = "Projectdata+CoreDataClass.swift"; sourceTree = SOURCE_ROOT; };
		B95129A1247A601E0001F6C5 /* SelectProjectDataTableViewCell.swift */ = {isa = PBXFileReference; lastKnownFileType = sourcecode.swift; path = SelectProjectDataTableViewCell.swift; sourceTree = "<group>"; };
		B972CA8724D6B6570047195A /* Projectdata+CoreDataProperties.swift */ = {isa = PBXFileReference; lastKnownFileType = sourcecode.swift; path = "Projectdata+CoreDataProperties.swift"; sourceTree = "<group>"; };
		B972CA8924D6B6950047195A /* Detaildata+CoreDataProperties.swift */ = {isa = PBXFileReference; lastKnownFileType = sourcecode.swift; name = "Detaildata+CoreDataProperties.swift"; path = "../Detaildata+CoreDataProperties.swift"; sourceTree = "<group>"; };
		B9F4141924615EF00026EF8F /* 🐷.app */ = {isa = PBXFileReference; explicitFileType = wrapper.application; includeInIndex = 0; path = "🐷.app"; sourceTree = BUILT_PRODUCTS_DIR; };
		B9F4141C24615EF10026EF8F /* AppDelegate.swift */ = {isa = PBXFileReference; lastKnownFileType = sourcecode.swift; path = AppDelegate.swift; sourceTree = "<group>"; };
		B9F4141E24615EF10026EF8F /* ViewController.swift */ = {isa = PBXFileReference; lastKnownFileType = sourcecode.swift; path = ViewController.swift; sourceTree = "<group>"; };
		B9F4142124615EF10026EF8F /* Base */ = {isa = PBXFileReference; lastKnownFileType = file.storyboard; name = Base; path = Base.lproj/Main.storyboard; sourceTree = "<group>"; };
		B9F4142324615EF40026EF8F /* Assets.xcassets */ = {isa = PBXFileReference; lastKnownFileType = folder.assetcatalog; path = Assets.xcassets; sourceTree = "<group>"; };
		B9F4142624615EF40026EF8F /* Base */ = {isa = PBXFileReference; lastKnownFileType = file.storyboard; name = Base; path = Base.lproj/LaunchScreen.storyboard; sourceTree = "<group>"; };
		B9F4142824615EF40026EF8F /* Info.plist */ = {isa = PBXFileReference; lastKnownFileType = text.plist.xml; path = Info.plist; sourceTree = "<group>"; };
		B9FD992424E303B800BDD38F /* mainFinishTableViewCell.swift */ = {isa = PBXFileReference; lastKnownFileType = sourcecode.swift; path = mainFinishTableViewCell.swift; sourceTree = "<group>"; };
/* End PBXFileReference section */

/* Begin PBXFrameworksBuildPhase section */
		B9F4141624615EF00026EF8F /* Frameworks */ = {
			isa = PBXFrameworksBuildPhase;
			buildActionMask = 2147483647;
			files = (
				B912FEEC246FD82D00A0B674 /* CoreData.framework in Frameworks */,
			);
			runOnlyForDeploymentPostprocessing = 0;
		};
/* End PBXFrameworksBuildPhase section */

/* Begin PBXGroup section */
		B912FEEA246FD82D00A0B674 /* Frameworks */ = {
			isa = PBXGroup;
			children = (
				B912FEEB246FD82D00A0B674 /* CoreData.framework */,
			);
			name = Frameworks;
			sourceTree = "<group>";
		};
		B9F4141024615EF00026EF8F = {
			isa = PBXGroup;
			children = (
				B9F4141B24615EF10026EF8F /* Record app */,
				B9F4141A24615EF00026EF8F /* Products */,
				B912FEEA246FD82D00A0B674 /* Frameworks */,
			);
			sourceTree = "<group>";
		};
		B9F4141A24615EF00026EF8F /* Products */ = {
			isa = PBXGroup;
			children = (
				B9F4141924615EF00026EF8F /* 🐷.app */,
			);
			name = Products;
			sourceTree = "<group>";
		};
		B9F4141B24615EF10026EF8F /* Record app */ = {
			isa = PBXGroup;
			children = (
				B92C6E3824B0488D00C722E2 /* Detaildata+CoreDataClass.swift */,
				B972CA8924D6B6950047195A /* Detaildata+CoreDataProperties.swift */,
				B972CA8724D6B6570047195A /* Projectdata+CoreDataProperties.swift */,
				B92C6E3A24B0488D00C722E2 /* Projectdata+CoreDataClass.swift */,
				B912FEF5246FF53A00A0B674 /* TableViewCell.swift */,
				B912FEF3246FF1F000A0B674 /* DetailViewController.swift */,
				B9F4141C24615EF10026EF8F /* AppDelegate.swift */,
				B9F4141E24615EF10026EF8F /* ViewController.swift */,
				B9F4142024615EF10026EF8F /* Main.storyboard */,
				B95129A1247A601E0001F6C5 /* SelectProjectDataTableViewCell.swift */,
				B912FF07247A501900A0B674 /* AddProjectViewController.swift */,
				B912FF05247A3CDC00A0B674 /* mainFinishViewController.swift */,
				B9FD992424E303B800BDD38F /* mainFinishTableViewCell.swift */,
				B912FF03247A3BEA00A0B674 /* mainINGViewController.swift */,
				B912FF01247A390500A0B674 /* mainINGTableViewCell.swift */,
				B912FEF72470249A00A0B674 /* SelectDataViewController.swift */,
				B90729DF248572960030F76E /* Projectdatabase.swift */,
				B912FEE3246FD6EB00A0B674 /* Model.xcdatamodeld */,
				B9F4142324615EF40026EF8F /* Assets.xcassets */,
				B912FEF9247780D300A0B674 /* iOS */,
				B9F4142524615EF40026EF8F /* LaunchScreen.storyboard */,
				B9F4142824615EF40026EF8F /* Info.plist */,
			);
			path = "Record app";
			sourceTree = "<group>";
		};
/* End PBXGroup section */

/* Begin PBXNativeTarget section */
		B9F4141824615EF00026EF8F /* 🐷 */ = {
			isa = PBXNativeTarget;
			buildConfigurationList = B9F4142B24615EF40026EF8F /* Build configuration list for PBXNativeTarget "🐷" */;
			buildPhases = (
				B9F4141524615EF00026EF8F /* Sources */,
				B9F4141624615EF00026EF8F /* Frameworks */,
				B9F4141724615EF00026EF8F /* Resources */,
			);
			buildRules = (
			);
			dependencies = (
			);
			name = "🐷";
			productName = "Record app";
			productReference = B9F4141924615EF00026EF8F /* 🐷.app */;
			productType = "com.apple.product-type.application";
		};
/* End PBXNativeTarget section */

/* Begin PBXProject section */
		B9F4141124615EF00026EF8F /* Project object */ = {
			isa = PBXProject;
			attributes = {
				LastSwiftUpdateCheck = 1030;
				LastUpgradeCheck = 1030;
				ORGANIZATIONNAME = "Judy Dai";
				TargetAttributes = {
					B9F4141824615EF00026EF8F = {
						CreatedOnToolsVersion = 10.3;
					};
				};
			};
			buildConfigurationList = B9F4141424615EF00026EF8F /* Build configuration list for PBXProject "🐷" */;
			compatibilityVersion = "Xcode 10.0";
			developmentRegion = en;
			hasScannedForEncodings = 0;
			knownRegions = (
				en,
				Base,
			);
			mainGroup = B9F4141024615EF00026EF8F;
			productRefGroup = B9F4141A24615EF00026EF8F /* Products */;
			projectDirPath = "";
			projectRoot = "";
			targets = (
				B9F4141824615EF00026EF8F /* 🐷 */,
			);
		};
/* End PBXProject section */

/* Begin PBXResourcesBuildPhase section */
		B9F4141724615EF00026EF8F /* Resources */ = {
			isa = PBXResourcesBuildPhase;
			buildActionMask = 2147483647;
			files = (
				B912FEFA247780D300A0B674 /* iOS in Resources */,
				B9F4142724615EF40026EF8F /* LaunchScreen.storyboard in Resources */,
				B9F4142424615EF40026EF8F /* Assets.xcassets in Resources */,
				B9F4142224615EF10026EF8F /* Main.storyboard in Resources */,
			);
			runOnlyForDeploymentPostprocessing = 0;
		};
/* End PBXResourcesBuildPhase section */

/* Begin PBXSourcesBuildPhase section */
		B9F4141524615EF00026EF8F /* Sources */ = {
			isa = PBXSourcesBuildPhase;
			buildActionMask = 2147483647;
			files = (
				B912FEF4246FF1F000A0B674 /* DetailViewController.swift in Sources */,
				B912FEF6246FF53A00A0B674 /* TableViewCell.swift in Sources */,
				B972CA8A24D6B6950047195A /* Detaildata+CoreDataProperties.swift in Sources */,
				B912FF08247A501900A0B674 /* AddProjectViewController.swift in Sources */,
				B92C6E3C24B0488D00C722E2 /* Detaildata+CoreDataClass.swift in Sources */,
				B90729E0248572960030F76E /* Projectdatabase.swift in Sources */,
				B912FF02247A390500A0B674 /* mainINGTableViewCell.swift in Sources */,
				B972CA8824D6B6570047195A /* Projectdata+CoreDataProperties.swift in Sources */,
				B9FD992524E303B800BDD38F /* mainFinishTableViewCell.swift in Sources */,
				B9F4141F24615EF10026EF8F /* ViewController.swift in Sources */,
				B912FEF82470249A00A0B674 /* SelectDataViewController.swift in Sources */,
				B912FF04247A3BEA00A0B674 /* mainINGViewController.swift in Sources */,
				B9F4141D24615EF10026EF8F /* AppDelegate.swift in Sources */,
				B912FF06247A3CDC00A0B674 /* mainFinishViewController.swift in Sources */,
				B912FEE5246FD6EB00A0B674 /* Model.xcdatamodeld in Sources */,
				B95129A2247A601E0001F6C5 /* SelectProjectDataTableViewCell.swift in Sources */,
				B92C6E3E24B0488D00C722E2 /* Projectdata+CoreDataClass.swift in Sources */,
			);
			runOnlyForDeploymentPostprocessing = 0;
		};
/* End PBXSourcesBuildPhase section */

/* Begin PBXVariantGroup section */
		B9F4142024615EF10026EF8F /* Main.storyboard */ = {
			isa = PBXVariantGroup;
			children = (
				B9F4142124615EF10026EF8F /* Base */,
			);
			name = Main.storyboard;
			sourceTree = "<group>";
			usesTabs = 0;
		};
		B9F4142524615EF40026EF8F /* LaunchScreen.storyboard */ = {
			isa = PBXVariantGroup;
			children = (
				B9F4142624615EF40026EF8F /* Base */,
			);
			name = LaunchScreen.storyboard;
			sourceTree = "<group>";
		};
/* End PBXVariantGroup section */

/* Begin XCBuildConfiguration section */
		B9F4142924615EF40026EF8F /* Debug */ = {
			isa = XCBuildConfiguration;
			buildSettings = {
				ALWAYS_SEARCH_USER_PATHS = NO;
				CLANG_ANALYZER_NONNULL = YES;
				CLANG_ANALYZER_NUMBER_OBJECT_CONVERSION = YES_AGGRESSIVE;
				CLANG_CXX_LANGUAGE_STANDARD = "gnu++14";
				CLANG_CXX_LIBRARY = "libc++";
				CLANG_ENABLE_MODULES = YES;
				CLANG_ENABLE_OBJC_ARC = YES;
				CLANG_ENABLE_OBJC_WEAK = YES;
				CLANG_WARN_BLOCK_CAPTURE_AUTORELEASING = YES;
				CLANG_WARN_BOOL_CONVERSION = YES;
				CLANG_WARN_COMMA = YES;
				CLANG_WARN_CONSTANT_CONVERSION = YES;
				CLANG_WARN_DEPRECATED_OBJC_IMPLEMENTATIONS = YES;
				CLANG_WARN_DIRECT_OBJC_ISA_USAGE = YES_ERROR;
				CLANG_WARN_DOCUMENTATION_COMMENTS = YES;
				CLANG_WARN_EMPTY_BODY = YES;
				CLANG_WARN_ENUM_CONVERSION = YES;
				CLANG_WARN_INFINITE_RECURSION = YES;
				CLANG_WARN_INT_CONVERSION = YES;
				CLANG_WARN_NON_LITERAL_NULL_CONVERSION = YES;
				CLANG_WARN_OBJC_IMPLICIT_RETAIN_SELF = YES;
				CLANG_WARN_OBJC_LITERAL_CONVERSION = YES;
				CLANG_WARN_OBJC_ROOT_CLASS = YES_ERROR;
				CLANG_WARN_RANGE_LOOP_ANALYSIS = YES;
				CLANG_WARN_STRICT_PROTOTYPES = YES;
				CLANG_WARN_SUSPICIOUS_MOVE = YES;
				CLANG_WARN_UNGUARDED_AVAILABILITY = YES_AGGRESSIVE;
				CLANG_WARN_UNREACHABLE_CODE = YES;
				CLANG_WARN__DUPLICATE_METHOD_MATCH = YES;
				CODE_SIGN_IDENTITY = "iPhone Developer";
				COPY_PHASE_STRIP = NO;
				DEBUG_INFORMATION_FORMAT = dwarf;
				ENABLE_STRICT_OBJC_MSGSEND = YES;
				ENABLE_TESTABILITY = YES;
				GCC_C_LANGUAGE_STANDARD = gnu11;
				GCC_DYNAMIC_NO_PIC = NO;
				GCC_NO_COMMON_BLOCKS = YES;
				GCC_OPTIMIZATION_LEVEL = 0;
				GCC_PREPROCESSOR_DEFINITIONS = (
					"DEBUG=1",
					"$(inherited)",
				);
				GCC_WARN_64_TO_32_BIT_CONVERSION = YES;
				GCC_WARN_ABOUT_RETURN_TYPE = YES_ERROR;
				GCC_WARN_UNDECLARED_SELECTOR = YES;
				GCC_WARN_UNINITIALIZED_AUTOS = YES_AGGRESSIVE;
				GCC_WARN_UNUSED_FUNCTION = YES;
				GCC_WARN_UNUSED_VARIABLE = YES;
				IPHONEOS_DEPLOYMENT_TARGET = 12.4;
				MTL_ENABLE_DEBUG_INFO = INCLUDE_SOURCE;
				MTL_FAST_MATH = YES;
				ONLY_ACTIVE_ARCH = YES;
				SDKROOT = iphoneos;
				SWIFT_ACTIVE_COMPILATION_CONDITIONS = DEBUG;
				SWIFT_OPTIMIZATION_LEVEL = "-Onone";
			};
			name = Debug;
		};
		B9F4142A24615EF40026EF8F /* Release */ = {
			isa = XCBuildConfiguration;
			buildSettings = {
				ALWAYS_SEARCH_USER_PATHS = NO;
				CLANG_ANALYZER_NONNULL = YES;
				CLANG_ANALYZER_NUMBER_OBJECT_CONVERSION = YES_AGGRESSIVE;
				CLANG_CXX_LANGUAGE_STANDARD = "gnu++14";
				CLANG_CXX_LIBRARY = "libc++";
				CLANG_ENABLE_MODULES = YES;
				CLANG_ENABLE_OBJC_ARC = YES;
				CLANG_ENABLE_OBJC_WEAK = YES;
				CLANG_WARN_BLOCK_CAPTURE_AUTORELEASING = YES;
				CLANG_WARN_BOOL_CONVERSION = YES;
				CLANG_WARN_COMMA = YES;
				CLANG_WARN_CONSTANT_CONVERSION = YES;
				CLANG_WARN_DEPRECATED_OBJC_IMPLEMENTATIONS = YES;
				CLANG_WARN_DIRECT_OBJC_ISA_USAGE = YES_ERROR;
				CLANG_WARN_DOCUMENTATION_COMMENTS = YES;
				CLANG_WARN_EMPTY_BODY = YES;
				CLANG_WARN_ENUM_CONVERSION = YES;
				CLANG_WARN_INFINITE_RECURSION = YES;
				CLANG_WARN_INT_CONVERSION = YES;
				CLANG_WARN_NON_LITERAL_NULL_CONVERSION = YES;
				CLANG_WARN_OBJC_IMPLICIT_RETAIN_SELF = YES;
				CLANG_WARN_OBJC_LITERAL_CONVERSION = YES;
				CLANG_WARN_OBJC_ROOT_CLASS = YES_ERROR;
				CLANG_WARN_RANGE_LOOP_ANALYSIS = YES;
				CLANG_WARN_STRICT_PROTOTYPES = YES;
				CLANG_WARN_SUSPICIOUS_MOVE = YES;
				CLANG_WARN_UNGUARDED_AVAILABILITY = YES_AGGRESSIVE;
				CLANG_WARN_UNREACHABLE_CODE = YES;
				CLANG_WARN__DUPLICATE_METHOD_MATCH = YES;
				CODE_SIGN_IDENTITY = "iPhone Developer";
				COPY_PHASE_STRIP = NO;
				DEBUG_INFORMATION_FORMAT = "dwarf-with-dsym";
				ENABLE_NS_ASSERTIONS = NO;
				ENABLE_STRICT_OBJC_MSGSEND = YES;
				GCC_C_LANGUAGE_STANDARD = gnu11;
				GCC_NO_COMMON_BLOCKS = YES;
				GCC_WARN_64_TO_32_BIT_CONVERSION = YES;
				GCC_WARN_ABOUT_RETURN_TYPE = YES_ERROR;
				GCC_WARN_UNDECLARED_SELECTOR = YES;
				GCC_WARN_UNINITIALIZED_AUTOS = YES_AGGRESSIVE;
				GCC_WARN_UNUSED_FUNCTION = YES;
				GCC_WARN_UNUSED_VARIABLE = YES;
				IPHONEOS_DEPLOYMENT_TARGET = 12.4;
				MTL_ENABLE_DEBUG_INFO = NO;
				MTL_FAST_MATH = YES;
				SDKROOT = iphoneos;
				SWIFT_COMPILATION_MODE = wholemodule;
				SWIFT_OPTIMIZATION_LEVEL = "-O";
				VALIDATE_PRODUCT = YES;
			};
			name = Release;
		};
		B9F4142C24615EF40026EF8F /* Debug */ = {
			isa = XCBuildConfiguration;
			buildSettings = {
				ASSETCATALOG_COMPILER_APPICON_NAME = AppIcon;
				CODE_SIGN_STYLE = Automatic;
				DEVELOPMENT_TEAM = L6VVG58BGG;
				INFOPLIST_FILE = "Record app/Info.plist";
				LD_RUNPATH_SEARCH_PATHS = (
					"$(inherited)",
					"@executable_path/Frameworks",
				);
				PRODUCT_BUNDLE_IDENTIFIER = "edu.self.Record-app";
				PRODUCT_NAME = "$(TARGET_NAME)";
				SWIFT_VERSION = 5.0;
				TARGETED_DEVICE_FAMILY = "1,2";
			};
			name = Debug;
		};
		B9F4142D24615EF40026EF8F /* Release */ = {
			isa = XCBuildConfiguration;
			buildSettings = {
				ASSETCATALOG_COMPILER_APPICON_NAME = AppIcon;
				CODE_SIGN_STYLE = Automatic;
				DEVELOPMENT_TEAM = L6VVG58BGG;
				INFOPLIST_FILE = "Record app/Info.plist";
				LD_RUNPATH_SEARCH_PATHS = (
					"$(inherited)",
					"@executable_path/Frameworks",
				);
				PRODUCT_BUNDLE_IDENTIFIER = "edu.self.Record-app";
				PRODUCT_NAME = "$(TARGET_NAME)";
				SWIFT_VERSION = 5.0;
				TARGETED_DEVICE_FAMILY = "1,2";
			};
			name = Release;
		};
/* End XCBuildConfiguration section */

/* Begin XCConfigurationList section */
		B9F4141424615EF00026EF8F /* Build configuration list for PBXProject "🐷" */ = {
			isa = XCConfigurationList;
			buildConfigurations = (
				B9F4142924615EF40026EF8F /* Debug */,
				B9F4142A24615EF40026EF8F /* Release */,
			);
			defaultConfigurationIsVisible = 0;
			defaultConfigurationName = Release;
		};
		B9F4142B24615EF40026EF8F /* Build configuration list for PBXNativeTarget "🐷" */ = {
			isa = XCConfigurationList;
			buildConfigurations = (
				B9F4142C24615EF40026EF8F /* Debug */,
				B9F4142D24615EF40026EF8F /* Release */,
			);
			defaultConfigurationIsVisible = 0;
			defaultConfigurationName = Release;
		};
/* End XCConfigurationList section */

/* Begin XCVersionGroup section */
		B912FEE3246FD6EB00A0B674 /* Model.xcdatamodeld */ = {
			isa = XCVersionGroup;
			children = (
				B912FEE4246FD6EB00A0B674 /* Model.xcdatamodel */,
			);
			currentVersion = B912FEE4246FD6EB00A0B674 /* Model.xcdatamodel */;
			path = Model.xcdatamodeld;
			sourceTree = "<group>";
			versionGroupType = wrapper.xcdatamodel;
		};
/* End XCVersionGroup section */
	};
	rootObject = B9F4141124615EF00026EF8F /* Project object */;
}
